
Microsoft Visual Studio Solution File, Format Version 12.00
# Visual Studio Version 16
VisualStudioVersion = 16.0.30011.22
MinimumVisualStudioVersion = 10.0.40219.1
Project("{FAE04EC0-301F-11D3-BF4B-00C04F79EFBC}") = "leave-management", "leave-management\leave-management.csproj", "{1DB1AC56-0512-4CAF-8DD2-20DB7B5EB634}"
EndProject
Global
	GlobalSection(SolutionConfigurationPlatforms) = preSolution
		Debug|Any CPU = Debug|Any CPU
		Release|Any CPU = Release|Any CPU
	EndGlobalSection
	GlobalSection(ProjectConfigurationPlatforms) = postSolution
		{1DB1AC56-0512-4CAF-8DD2-20DB7B5EB634}.Debug|Any CPU.ActiveCfg = Debug|Any CPU
		{1DB1AC56-0512-4CAF-8DD2-20DB7B5EB634}.Debug|Any CPU.Build.0 = Debug|Any CPU
		{1DB1AC56-0512-4CAF-8DD2-20DB7B5EB634}.Release|Any CPU.ActiveCfg = Release|Any CPU
		{1DB1AC56-0512-4CAF-8DD2-20DB7B5EB634}.Release|Any CPU.Build.0 = Release|Any CPU
	EndGlobalSection
	GlobalSection(SolutionProperties) = preSolution
		HideSolutionNode = FALSE
	EndGlobalSection
	GlobalSection(ExtensibilityGlobals) = postSolution
		SolutionGuid = {CE237527-AD9A-482F-B0F2-115BA1CCB5A3}
	EndGlobalSection
EndGlobal
